{
    "_readme": [
        "This file locks the dependencies of your project to a known state",
        "Read more about it at https://getcomposer.org/doc/01-basic-usage.md#installing-dependencies",
        "This file is @generated automatically"
    ],
    "content-hash": "ef4f2cf789d3c563e1695fb626998f52",
    "packages": [
        {
            "name": "wslibs/sendmsg",
            "version": "0.0.9",
            "source": {
                "type": "git",
                "url": "https://github.com/songyangphp/WsSendMsg.git",
                "reference": "ff9b916e69b273ddd94d0fe0606a470bd4c6fc59"
            },
            "dist": {
                "type": "zip",
                "url": "https://api.github.com/repos/songyangphp/WsSendMsg/zipball/ff9b916e69b273ddd94d0fe0606a470bd4c6fc59",
                "reference": "ff9b916e69b273ddd94d0fe0606a470bd4c6fc59",
                "shasum": "",
                "mirrors": [
                    {
                        "url": "https://mirrors.aliyun.com/composer/dists/%package%/%reference%.%type%",
                        "preferred": true
                    }
                ]
            },
            "require": {
                "php": ">=7.0"
            },
            "type": "library",
            "autoload": {
                "psr-4": {
                    "wslibs\\msg\\": "src/"
                }
            },
            "notification-url": "https://packagist.org/downloads/",
            "license": [
                "MIT"
            ],
            "authors": [
                {
                    "name": "SongYang",
                    "email": "475511896@qq.com"
                }
            ],
            "description": "短信服务SDK",
            "time": "2019-05-30T05:25:00+00:00"
        }
    ],
    "packages-dev": [],
    "aliases": [],
    "minimum-stability": "stable",
    "stability-flags": [],
    "prefer-stable": false,
    "prefer-lowest": false,
    "platform": {
        "php": ">=7.0.0"
    },
    "platform-dev": []
}
